{
  "requires": true,
  "lockfileVersion": 1,
  "dependencies": {
    "@babel/runtime": {
      "version": "7.22.11",
      "resolved": "https://registry.npmjs.org/@babel/runtime/-/runtime-7.22.11.tgz",
      "integrity": "sha512-ee7jVNlWN09+KftVOu9n7S8gQzD/Z6hN/I8VBRXW4P1+Xe7kJGXMwu8vds4aGIMHZnNbdpSWCfZZtinytpcAvA==",
      "requires": {
        "regenerator-runtime": "^0.14.0"
      }
    },
    "@chakra-ui/accordion": {
      "version": "2.0.0",
      "resolved": "https://registry.npmjs.org/@chakra-ui/accordion/-/accordion-2.0.0.tgz",
      "integrity": "sha512-5dPvPX0EvHcoV9eMFnXZwoxdpo0Q/ZIawq0YnCfW/uzC5sxcMsGWc4eYaPD3JKTlvWbCYhhG27GwvrPLunGA4w==",
      "requires": {
        "@chakra-ui/descendant": "3.0.0",
        "@chakra-ui/hooks": "2.0.0",
        "@chakra-ui/icon": "3.0.0",
        "@chakra-ui/react-utils": "2.0.0",
        "@chakra-ui/transition": "2.0.0",
        "@chakra-ui/utils": "2.0.0"
      }
    },
    "@chakra-ui/alert": {
      "version": "2.0.0",
      "resolved": "https://registry.npmjs.org/@chakra-ui/alert/-/alert-2.0.0.tgz",
      "integrity": "sha512-D1nck2eqweGYjb/qlZib1mrYScOu8zeCbCtV0fFCINuiwrapXpxWdY7Zm/V/mR7cSD3vEpo2xDswA8sAeu39Jg==",
      "requires": {
        "@chakra-ui/icon": "3.0.0",
        "@chakra-ui/react-utils": "2.0.0",
        "@chakra-ui/spinner": "^2.0.0",
        "@chakra-ui/utils": "2.0.0"
      }
    },
    "@chakra-ui/anatomy": {
      "version": "2.0.0",
      "resolved": "https://registry.npmjs.org/@chakra-ui/anatomy/-/anatomy-2.0.0.tgz",
      "integrity": "sha512-fcLWW/vtUsLVZrmkgZvbTXyn1zFpszGq7dqU0UYB0X6x7RouajOzBU//JQChlnqsW4qSGLWBU6IMAbRoTLzGpw==",
      "requires": {
        "@chakra-ui/theme-tools": "^2.0.0"
      }
    },
    "@chakra-ui/avatar": {
      "version": "2.0.0",
      "resolved": "https://registry.npmjs.org/@chakra-ui/avatar/-/avatar-2.0.0.tgz",
      "integrity": "sha512-wV5KIiXLwGN5hmkMxb5YvCmwuykTjhxjzpyPO/eCUvd62wj2imUXTLXh2xQ7a9bPpf2CqNWC4AGunJp1Qvikhw==",
      "requires": {
        "@chakra-ui/image": "2.0.0",
        "@chakra-ui/react-utils": "2.0.0",
        "@chakra-ui/utils": "2.0.0"
      }
    },
    "@chakra-ui/breadcrumb": {
      "version": "2.0.0",
      "resolved": "https://registry.npmjs.org/@chakra-ui/breadcrumb/-/breadcrumb-2.0.0.tgz",
      "integrity": "sha512-c3ZCoJtk4Z1MXcJ1lW5/K18UC07f8/zN8Izf4PVSMojCzIkkKudKsRX1Kb18aPZGnRE+iGTMVV7MoTLwfB9Sfw==",
      "requires": {
        "@chakra-ui/react-utils": "2.0.0",
        "@chakra-ui/utils": "2.0.0"
      }
    },
    "@chakra-ui/button": {
      "version": "2.0.0",
      "resolved": "https://registry.npmjs.org/@chakra-ui/button/-/button-2.0.0.tgz",
      "integrity": "sha512-6VEtAMPnMQmL4ux3sbXDyJPBgM+a4fK3ILYtrDWjnt1XYn5yXyA7E8hm1uitshnv+gpcyt7SZtjPL3MkJM+Gfw==",
      "requires": {
        "@chakra-ui/hooks": "2.0.0",
        "@chakra-ui/react-utils": "2.0.0",
        "@chakra-ui/spinner": "2.0.0",
        "@chakra-ui/utils": "2.0.0"
      }
    },
    "@chakra-ui/checkbox": {
      "version": "2.0.1",
      "resolved": "https://registry.npmjs.org/@chakra-ui/checkbox/-/checkbox-2.0.1.tgz",
      "integrity": "sha512-JtoKWQngwu+h/JmBDno66O/si6xoYuFJO7YASBa4WEJYo5ZtFzwLD4cFqu3ZJR/A4xzxwdpKTZh8CzggVhO4mA==",
      "requires": {
        "@chakra-ui/form-control": "2.0.0",
        "@chakra-ui/hooks": "2.0.0",
        "@chakra-ui/react-utils": "2.0.0",
        "@chakra-ui/utils": "2.0.0",
        "@chakra-ui/visually-hidden": "2.0.0"
      }
    },
    "@chakra-ui/clickable": {
      "version": "2.0.0",
      "resolved": "https://registry.npmjs.org/@chakra-ui/clickable/-/clickable-2.0.0.tgz",
      "integrity": "sha512-6D8YgNj/Pk7lG3fYEo36Nrke1klX2+NfuLORwZf/iYkef9DEZeXeIjNm4WNLhc50NMZEpXQlvMt6azam1otd0Q==",
      "requires": {
        "@chakra-ui/react-utils": "2.0.0",
        "@chakra-ui/utils": "2.0.0"
      }
    },
    "@chakra-ui/close-button": {
      "version": "2.0.0",
      "resolved": "https://registry.npmjs.org/@chakra-ui/close-button/-/close-button-2.0.0.tgz",
      "integrity": "sha512-tsldxGcUdtt54toW/8gkXN2kuNrWNNCbug3XbMVAyh1yT5sOzpx2cI/33YCMvbZNt1UB/vv3ct/b7oM2N8HrTQ==",
      "requires": {
        "@chakra-ui/icon": "3.0.0",
        "@chakra-ui/utils": "2.0.0"
      }
    },
    "@chakra-ui/color-mode": {
      "version": "2.0.2",
      "resolved": "https://registry.npmjs.org/@chakra-ui/color-mode/-/color-mode-2.0.2.tgz",
      "integrity": "sha512-iXRDYORuyiXFEpTVw5Gr6jV6sG9Ly91NrDru1Ub/EP0GGGeFDXWljbQ+XQA8TnOXlPwPq+nEb8lprETHS2NVpw==",
      "requires": {
        "@chakra-ui/hooks": "2.0.0",
        "@chakra-ui/utils": "2.0.0"
      }
    },
    "@chakra-ui/control-box": {
      "version": "2.0.0",
      "resolved": "https://registry.npmjs.org/@chakra-ui/control-box/-/control-box-2.0.0.tgz",
      "integrity": "sha512-SsuQiOIoD9JgvYBFORHGLxBiN+E+Y3H0qq/5ATdV7XGQSz95OhcBaj5Vqs/LQjavzPh9Kr6jaPmiwHNtORi6bg==",
      "requires": {
        "@chakra-ui/utils": "2.0.0"
      }
    },
    "@chakra-ui/counter": {
      "version": "2.0.0",
      "resolved": "https://registry.npmjs.org/@chakra-ui/counter/-/counter-2.0.0.tgz",
      "integrity": "sha512-KSeWuMN6+WN60/p97qQyJaKNDQ/mPIhxJnlH3UCpTeIC5sdShV/hc5o52INtgl6NY+l51kWXQSvQ4Qhy4Xqtqg==",
      "requires": {
        "@chakra-ui/hooks": "2.0.0",
        "@chakra-ui/utils": "2.0.0"
      }
    },
    "@chakra-ui/css-reset": {
      "version": "2.0.0",
      "resolved": "https://registry.npmjs.org/@chakra-ui/css-reset/-/css-reset-2.0.0.tgz",
      "integrity": "sha512-9L+/5t+QdV5lSoJptn+zCkt23mdFoQYLdpJadKgRQ5jBxl640e+LGLu/3GV1MGdyqHN0V+GSAJqQiojRJPH/gg=="
    },
    "@chakra-ui/descendant": {
      "version": "3.0.0",
      "resolved": "https://registry.npmjs.org/@chakra-ui/descendant/-/descendant-3.0.0.tgz",
      "integrity": "sha512-SZBrHnHtRSt6lYeelO3mK6oo69na+ERq/dhdVAkWrmcHCLJvbfjZ8YE7b4rl8/oSGMjI5m07RvcbX/rqak3hPw==",
      "requires": {
        "@chakra-ui/react-utils": "^2.0.0"
      }
    },
    "@chakra-ui/editable": {
      "version": "2.0.0",
      "resolved": "https://registry.npmjs.org/@chakra-ui/editable/-/editable-2.0.0.tgz",
      "integrity": "sha512-gjOawVxQAS3arndRsIBGo6SIOg6dh2mCDNa51glCoh3hZcjdUEfHj3WiVBZt6yuu5j0woqP35vUB/ZfzrC+a1Q==",
      "requires": {
        "@chakra-ui/hooks": "2.0.0",
        "@chakra-ui/react-utils": "2.0.0",
        "@chakra-ui/utils": "2.0.0"
      }
    },
    "@chakra-ui/focus-lock": {
      "version": "2.0.0",
      "resolved": "https://registry.npmjs.org/@chakra-ui/focus-lock/-/focus-lock-2.0.0.tgz",
      "integrity": "sha512-GRjxQrD7XaPDy3qyYi8EsHFmgOGwQJplTDk5v3gXND77ccoP072UU3XGNbdabk0vdo9N1dSL9qfwOowYrb/vNg==",
      "requires": {
        "@chakra-ui/utils": "2.0.0",
        "react-focus-lock": "2.5.2"
      }
    },
    "@chakra-ui/form-control": {
      "version": "2.0.0",
      "resolved": "https://registry.npmjs.org/@chakra-ui/form-control/-/form-control-2.0.0.tgz",
      "integrity": "sha512-QmIeUaQd/aYkVhxPlf8Dmt5chUgHldxrsSdOZfcNb/C53tbRniLHfWxM4L0S1YmTfNAKngUdVpBgCTTCQ+xGLw==",
      "requires": {
        "@chakra-ui/hooks": "2.0.0",
        "@chakra-ui/icon": "3.0.0",
        "@chakra-ui/react-utils": "2.0.0",
        "@chakra-ui/utils": "2.0.0"
      }
    },
    "@chakra-ui/hooks": {
      "version": "2.0.0",
      "resolved": "https://registry.npmjs.org/@chakra-ui/hooks/-/hooks-2.0.0.tgz",
      "integrity": "sha512-fEyjy1K2wskH6xPZRjBZBSwESZMQqz19iw/ajmMTqlroQZk1NlSh6MH8w8hNjiV+urKFOL5D6XTG+A7h1kPChA==",
      "requires": {
        "@chakra-ui/react-utils": "2.0.0",
        "@chakra-ui/utils": "2.0.0",
        "compute-scroll-into-view": "1.0.14",
        "copy-to-clipboard": "3.3.1"
      }
    },
    "@chakra-ui/icon": {
      "version": "3.0.0",
      "resolved": "https://registry.npmjs.org/@chakra-ui/icon/-/icon-3.0.0.tgz",
      "integrity": "sha512-Fb4Mc4PM0tTOu9GKtVhIrSl17PpeWTBIDbUGMcgps6hpTBEKO/8XWpy7UlXTiyet3N1FprPG7JHTyL8CwYYF6w==",
      "requires": {
        "@chakra-ui/utils": "2.0.0"
      }
    },
    "@chakra-ui/image": {
      "version": "2.0.0",
      "resolved": "https://registry.npmjs.org/@chakra-ui/image/-/image-2.0.0.tgz",
      "integrity": "sha512-MohJIoHJSzHytISn2oBok8jHoI7owvOzDCgTLO4sVysajbseoIC7+zDHzLB5BtijAxAdp+zU8LjKxkOUJIz9aw==",
      "requires": {
        "@chakra-ui/hooks": "2.0.0",
        "@chakra-ui/utils": "2.0.0"
      }
    },
    "@chakra-ui/input": {
      "version": "2.0.0",
      "resolved": "https://registry.npmjs.org/@chakra-ui/input/-/input-2.0.0.tgz",
      "integrity": "sha512-+6HQqRAZ/4WbT81Kl8sczGYsXeusIkfdJzkKPmLnhkXDe4tOeWuqdZsLTBYQbpWgjr/BZhjIygNNZ8g+YGq0tw==",
      "requires": {
        "@chakra-ui/form-control": "2.0.0",
        "@chakra-ui/react-utils": "2.0.0",
        "@chakra-ui/utils": "2.0.0"
      }
    },
    "@chakra-ui/layout": {
      "version": "2.0.0",
      "resolved": "https://registry.npmjs.org/@chakra-ui/layout/-/layout-2.0.0.tgz",
      "integrity": "sha512-thOjog78PHiDchwnGsqIMWmpLm9Sh4Vyrhig0fba0eR4oEAyWan7NBdIFFT2e59UFfn9D4/04fjK8BbA+mFEjw==",
      "requires": {
        "@chakra-ui/icon": "3.0.0",
        "@chakra-ui/react-utils": "2.0.0",
        "@chakra-ui/utils": "2.0.0"
      }
    },
    "@chakra-ui/live-region": {
      "version": "2.0.0",
      "resolved": "https://registry.npmjs.org/@chakra-ui/live-region/-/live-region-2.0.0.tgz",
      "integrity": "sha512-UuDbwIsPTAnPeyDAjG7e9f1fhRSGRbBaf5New6Zfv53kkkIxB7RLBUSa0ENYD1Xwzmpifah3999z8qYeG2KMZQ==",
      "requires": {
        "@chakra-ui/utils": "2.0.0"
      }
    },
    "@chakra-ui/media-query": {
      "version": "3.0.0",
      "resolved": "https://registry.npmjs.org/@chakra-ui/media-query/-/media-query-3.0.0.tgz",
      "integrity": "sha512-xNDioj8n8V6aEXTO/ZuWkfwZZbQZfnA54UVd4P5t9CpF/yGcgFKFtBKZgGw+790OYilpFW+O8dbY4RGi7nm8+g==",
      "requires": {
        "@chakra-ui/react-env": "2.0.0",
        "@chakra-ui/utils": "2.0.0"
      }
    },
    "@chakra-ui/menu": {
      "version": "2.0.0",
      "resolved": "https://registry.npmjs.org/@chakra-ui/menu/-/menu-2.0.0.tgz",
      "integrity": "sha512-kdpbFJA/xosHX1Ks0zoepZ4Wn7pUebwKIPN4Pb/kuOtwr6PUzgsgieeDedKBL7qsEW2wB4XMsAgbuq65RVYKnA==",
      "requires": {
        "@chakra-ui/clickable": "2.0.0",
        "@chakra-ui/descendant": "3.0.0",
        "@chakra-ui/hooks": "2.0.0",
        "@chakra-ui/popper": "3.0.0",
        "@chakra-ui/react-utils": "2.0.0",
        "@chakra-ui/transition": "2.0.0",
        "@chakra-ui/utils": "2.0.0"
      }
    },
    "@chakra-ui/modal": {
      "version": "2.0.0",
      "resolved": "https://registry.npmjs.org/@chakra-ui/modal/-/modal-2.0.0.tgz",
      "integrity": "sha512-SA0fGy/ZwabyLYgCDETf0XjQnHPZeUCYKj56hX7UMvV9i7/ETQUxjx95P0alIWqTbBf5SdgF0RbaJZeEZFZtTw==",
      "requires": {
        "@chakra-ui/close-button": "2.0.0",
        "@chakra-ui/focus-lock": "2.0.0",
        "@chakra-ui/hooks": "2.0.0",
        "@chakra-ui/portal": "2.0.0",
        "@chakra-ui/react-utils": "2.0.0",
        "@chakra-ui/transition": "2.0.0",
        "@chakra-ui/utils": "2.0.0",
        "aria-hidden": "^1.1.1",
        "react-remove-scroll": "^2.5.3"
      }
    },
    "@chakra-ui/number-input": {
      "version": "2.0.0",
      "resolved": "https://registry.npmjs.org/@chakra-ui/number-input/-/number-input-2.0.0.tgz",
      "integrity": "sha512-4d80dPQjaQ+70P09ygnK1V9ZK10kzRMQnwTreLsgH6x8GfQLW53B8Fo7QPn6jrREfp6sJ1sK6QhxKUykZjI1yA==",
      "requires": {
        "@chakra-ui/counter": "2.0.0",
        "@chakra-ui/form-control": "2.0.0",
        "@chakra-ui/hooks": "2.0.0",
        "@chakra-ui/icon": "3.0.0",
        "@chakra-ui/react-utils": "2.0.0",
        "@chakra-ui/utils": "2.0.0"
      }
    },
    "@chakra-ui/pin-input": {
      "version": "2.0.0",
      "resolved": "https://registry.npmjs.org/@chakra-ui/pin-input/-/pin-input-2.0.0.tgz",
      "integrity": "sha512-+aNnw8fHA2TE8IvTTOwElNew182dXPcgTnSQxcxnWDOkw8kadtdVOJhqJW4QNCEs8QZ89kp0bxQdAy99I3xNow==",
      "requires": {
        "@chakra-ui/descendant": "3.0.0",
        "@chakra-ui/hooks": "2.0.0",
        "@chakra-ui/react-utils": "2.0.0",
        "@chakra-ui/utils": "2.0.0"
      }
    },
    "@chakra-ui/popover": {
      "version": "2.0.0",
      "resolved": "https://registry.npmjs.org/@chakra-ui/popover/-/popover-2.0.0.tgz",
      "integrity": "sha512-jMLnFuxkPQEfppM0j7vYVZoVmgZNEv6u2NvHE0U6sx6Ory/LYA35Glkn5g2uX4M8K+sCVDYtp1LtxyuIz7jsTQ==",
      "requires": {
        "@chakra-ui/close-button": "2.0.0",
        "@chakra-ui/hooks": "2.0.0",
        "@chakra-ui/popper": "3.0.0",
        "@chakra-ui/react-utils": "2.0.0",
        "@chakra-ui/utils": "2.0.0"
      }
    },
    "@chakra-ui/popper": {
      "version": "3.0.0",
      "resolved": "https://registry.npmjs.org/@chakra-ui/popper/-/popper-3.0.0.tgz",
      "integrity": "sha512-ROogHl6A1g/6nhWpugNt2+ixI80RS2yLxj8qrq3kRQiQreu9LgomPPHz7x1vzbSLoPkgQKoa+VsnMvSzDUnCwQ==",
      "requires": {
        "@chakra-ui/react-utils": "2.0.0",
        "@popperjs/core": "^2.9.3"
      }
    },
    "@chakra-ui/portal": {
      "version": "2.0.0",
      "resolved": "https://registry.npmjs.org/@chakra-ui/portal/-/portal-2.0.0.tgz",
      "integrity": "sha512-9Xv5jRupW+HhRubMWPIE+D3xunMgC4DSwsgfPo4pvlf609+QNjpFSeOQ3poSCymNmR1uoUi9xKxzV012tOci/Q==",
      "requires": {
        "@chakra-ui/hooks": "2.0.0",
        "@chakra-ui/react-utils": "2.0.0",
        "@chakra-ui/utils": "2.0.0"
      }
    },
    "@chakra-ui/progress": {
      "version": "2.0.0",
      "resolved": "https://registry.npmjs.org/@chakra-ui/progress/-/progress-2.0.0.tgz",
      "integrity": "sha512-k5/fyFzhEJYY0s5AAbXqBSprATFTqb6339q/KaQXLvPggcegO6QhXlPsa/0FuE8wWqzJnxufJB6ziLEyvPj8rA==",
      "requires": {
        "@chakra-ui/theme-tools": "2.0.0",
        "@chakra-ui/utils": "2.0.0"
      }
    },
    "@chakra-ui/provider": {
      "version": "2.0.2",
      "resolved": "https://registry.npmjs.org/@chakra-ui/provider/-/provider-2.0.2.tgz",
      "integrity": "sha512-2OF740ZuM6ZmJj7g2yIzm4b1UvR9xS1aFlqFI7NlhVyw9yuQ/kI8/JN0lFeGy3BSZ2ay/a4AHuZzhgh5U7D1ng==",
      "requires": {
        "@chakra-ui/css-reset": "2.0.0",
        "@chakra-ui/portal": "2.0.0",
        "@chakra-ui/react-env": "2.0.0",
        "@chakra-ui/system": "2.0.2",
        "@chakra-ui/utils": "2.0.0"
      }
    },
    "@chakra-ui/radio": {
      "version": "2.0.0",
      "resolved": "https://registry.npmjs.org/@chakra-ui/radio/-/radio-2.0.0.tgz",
      "integrity": "sha512-pgdeBAAfMz5r3J6IHk6l20nAWJqJas969dYtU7LkfkAzimggRWOgNVpfqcCqvcm3ejFDwCzdnhsiyIrpO+naKw==",
      "requires": {
        "@chakra-ui/form-control": "2.0.0",
        "@chakra-ui/hooks": "2.0.0",
        "@chakra-ui/react-utils": "2.0.0",
        "@chakra-ui/utils": "2.0.0",
        "@chakra-ui/visually-hidden": "2.0.0"
      }
    },
    "@chakra-ui/react": {
      "version": "2.0.2",
      "resolved": "https://registry.npmjs.org/@chakra-ui/react/-/react-2.0.2.tgz",
      "integrity": "sha512-w2jamz0o/w6/EW1sjdkyyJRsMLqcvw0TJhvqVWmJpTtTLuBNejbZh9iJ4KmTiQJcVPB9WMVCyh+NgdWX5CCCWg==",
      "requires": {
        "@chakra-ui/accordion": "2.0.0",
        "@chakra-ui/alert": "2.0.0",
        "@chakra-ui/avatar": "2.0.0",
        "@chakra-ui/breadcrumb": "2.0.0",
        "@chakra-ui/button": "2.0.0",
        "@chakra-ui/checkbox": "2.0.1",
        "@chakra-ui/close-button": "2.0.0",
        "@chakra-ui/control-box": "2.0.0",
        "@chakra-ui/counter": "2.0.0",
        "@chakra-ui/css-reset": "2.0.0",
        "@chakra-ui/editable": "2.0.0",
        "@chakra-ui/form-control": "2.0.0",
        "@chakra-ui/hooks": "2.0.0",
        "@chakra-ui/icon": "3.0.0",
        "@chakra-ui/image": "2.0.0",
        "@chakra-ui/input": "2.0.0",
        "@chakra-ui/layout": "2.0.0",
        "@chakra-ui/live-region": "2.0.0",
        "@chakra-ui/media-query": "3.0.0",
        "@chakra-ui/menu": "2.0.0",
        "@chakra-ui/modal": "2.0.0",
        "@chakra-ui/number-input": "2.0.0",
        "@chakra-ui/pin-input": "2.0.0",
        "@chakra-ui/popover": "2.0.0",
        "@chakra-ui/popper": "3.0.0",
        "@chakra-ui/portal": "2.0.0",
        "@chakra-ui/progress": "2.0.0",
        "@chakra-ui/provider": "2.0.2",
        "@chakra-ui/radio": "2.0.0",
        "@chakra-ui/react-env": "2.0.0",
        "@chakra-ui/select": "2.0.0",
        "@chakra-ui/skeleton": "2.0.2",
        "@chakra-ui/slider": "2.0.0",
        "@chakra-ui/spinner": "2.0.0",
        "@chakra-ui/stat": "2.0.0",
        "@chakra-ui/switch": "2.0.1",
        "@chakra-ui/system": "2.0.2",
        "@chakra-ui/table": "2.0.0",
        "@chakra-ui/tabs": "2.0.0",
        "@chakra-ui/tag": "2.0.0",
        "@chakra-ui/textarea": "2.0.0",
        "@chakra-ui/theme": "2.0.1",
        "@chakra-ui/toast": "2.0.2",
        "@chakra-ui/tooltip": "2.0.0",
        "@chakra-ui/transition": "2.0.0",
        "@chakra-ui/utils": "2.0.0",
        "@chakra-ui/visually-hidden": "2.0.0"
      }
    },
    "@chakra-ui/react-env": {
      "version": "2.0.0",
      "resolved": "https://registry.npmjs.org/@chakra-ui/react-env/-/react-env-2.0.0.tgz",
      "integrity": "sha512-M6ctMVeeM4HI0+tkfsV9rADu5hcNk5MHfktoQl4neDBzxH/kqlL2y4YUP02j9PmsyKcomZ0zvqwwY5vRaWu8mw==",
      "requires": {
        "@chakra-ui/utils": "2.0.0"
      }
    },
    "@chakra-ui/react-utils": {
      "version": "2.0.0",
      "resolved": "https://registry.npmjs.org/@chakra-ui/react-utils/-/react-utils-2.0.0.tgz",
      "integrity": "sha512-QcDt2/e3xhfbDcR0FF/E+E1LYGiPMRh8U6160mcgDaG+IzEXtr2ELgZI5EYNpS5HyujpNBt7ivajgi5JQ8h6ew==",
      "requires": {
        "@chakra-ui/utils": "^2.0.0"
      }
    },
    "@chakra-ui/select": {
      "version": "2.0.0",
      "resolved": "https://registry.npmjs.org/@chakra-ui/select/-/select-2.0.0.tgz",
      "integrity": "sha512-7PHkqLkPOSGaeIJaKmpFvx4iAvXVahKJqwzhcB/3BGMntU01rzvwBgmZKZMnqJtNSZwigeJjStdWjtIuU0muJw==",
      "requires": {
        "@chakra-ui/form-control": "2.0.0",
        "@chakra-ui/utils": "2.0.0"
      }
    },
    "@chakra-ui/skeleton": {
      "version": "2.0.2",
      "resolved": "https://registry.npmjs.org/@chakra-ui/skeleton/-/skeleton-2.0.2.tgz",
      "integrity": "sha512-af4c6762TPi2BfQmI5sGoOs3vViyWr+fSEZun+opFPtKYcI2AHJgzbgbIkMhRAQOibIKKeuWgXOESYfQ3S7pyQ==",
      "requires": {
        "@chakra-ui/hooks": "2.0.0",
        "@chakra-ui/media-query": "3.0.0",
        "@chakra-ui/system": "2.0.2",
        "@chakra-ui/utils": "2.0.0"
      }
    },
    "@chakra-ui/slider": {
      "version": "2.0.0",
      "resolved": "https://registry.npmjs.org/@chakra-ui/slider/-/slider-2.0.0.tgz",
      "integrity": "sha512-K2MDvIU47rGNiIvWzwKfd6D0hSVaz5ccm0bfRjGzGDbjvTpj6KN6q1JqwJzC/ODf1/sAYhR2Elz78RNv5V7feA==",
      "requires": {
        "@chakra-ui/hooks": "2.0.0",
        "@chakra-ui/react-utils": "2.0.0",
        "@chakra-ui/utils": "2.0.0"
      }
    },
    "@chakra-ui/spinner": {
      "version": "2.0.0",
      "resolved": "https://registry.npmjs.org/@chakra-ui/spinner/-/spinner-2.0.0.tgz",
      "integrity": "sha512-7PPGeqRsrzCGn5NO4+kRn8UA0fPA/PXhY5sHcFFe+AaU18MKYa3ozfhY+XxqehwsdY8v1i+gEoM3jYqYipdO5g==",
      "requires": {
        "@chakra-ui/utils": "2.0.0",
        "@chakra-ui/visually-hidden": "2.0.0"
      }
    },
    "@chakra-ui/stat": {
      "version": "2.0.0",
      "resolved": "https://registry.npmjs.org/@chakra-ui/stat/-/stat-2.0.0.tgz",
      "integrity": "sha512-ph8y60ZWtZ36QF1pGjzAW4jFIWtmS5SCASl0DvOIzHJWnYGtqNVQxAD3mdMddNqjhgi2hkSLvO16LyvXRCz0pg==",
      "requires": {
        "@chakra-ui/icon": "3.0.0",
        "@chakra-ui/utils": "2.0.0",
        "@chakra-ui/visually-hidden": "2.0.0"
      }
    },
    "@chakra-ui/styled-system": {
      "version": "2.0.0",
      "resolved": "https://registry.npmjs.org/@chakra-ui/styled-system/-/styled-system-2.0.0.tgz",
      "integrity": "sha512-DVSD3u+PZuJLSbefuDlKw7UiPzRH/h9a4ldlcdDejCSEIFBXJEFgGetPPdURMQUfu3Q2LXKsTjETw1edK4Gm2g==",
      "requires": {
        "@chakra-ui/utils": "2.0.0",
        "csstype": "^3.0.11"
      }
    },
    "@chakra-ui/switch": {
      "version": "2.0.1",
      "resolved": "https://registry.npmjs.org/@chakra-ui/switch/-/switch-2.0.1.tgz",
      "integrity": "sha512-58JeanvEKkdh4NjNjFHSE7OT3TsVDPLx72sjONm3YhY1Hws4zGo7yazAIFM4UTPQpNK48B+db9fZiygz9uDlrA==",
      "requires": {
        "@chakra-ui/checkbox": "2.0.1",
        "@chakra-ui/utils": "2.0.0"
      }
    },
    "@chakra-ui/system": {
      "version": "2.0.2",
      "resolved": "https://registry.npmjs.org/@chakra-ui/system/-/system-2.0.2.tgz",
      "integrity": "sha512-ZpzGP/7YvTrSK6/7ci1m0uu26EGtwBLl2SPY5jp8dWOFgxgLLQlxCCoRLJT0s5eKbFUqoaZFu6tzGuYIWws4IA==",
      "requires": {
        "@chakra-ui/color-mode": "2.0.2",
        "@chakra-ui/react-utils": "2.0.0",
        "@chakra-ui/styled-system": "2.0.0",
        "@chakra-ui/utils": "2.0.0",
        "react-fast-compare": "3.2.0"
      }
    },
    "@chakra-ui/table": {
      "version": "2.0.0",
      "resolved": "https://registry.npmjs.org/@chakra-ui/table/-/table-2.0.0.tgz",
      "integrity": "sha512-hIqe4USa0bCuZuYJLG5j/xgRmzf8fXwE2jMGI4nPYiq22aVSOxWKAXrRnwTtKnaWeoQC5HSwKe0DkvINHRBGaw==",
      "requires": {
        "@chakra-ui/utils": "2.0.0"
      }
    },
    "@chakra-ui/tabs": {
      "version": "2.0.0",
      "resolved": "https://registry.npmjs.org/@chakra-ui/tabs/-/tabs-2.0.0.tgz",
      "integrity": "sha512-1i4bmjD1aFgQO0pwf2rq+rbZW1zRe92BAs8KhZyn4hqdTo0bkcy980YjJKWsgZ+Wvn1/ThZxT9Y+LET5gA0iXw==",
      "requires": {
        "@chakra-ui/clickable": "2.0.0",
        "@chakra-ui/descendant": "3.0.0",
        "@chakra-ui/hooks": "2.0.0",
        "@chakra-ui/react-utils": "2.0.0",
        "@chakra-ui/utils": "2.0.0"
      }
    },
    "@chakra-ui/tag": {
      "version": "2.0.0",
      "resolved": "https://registry.npmjs.org/@chakra-ui/tag/-/tag-2.0.0.tgz",
      "integrity": "sha512-plVhe54frFw0OMVJwyoAaUPPS7zFEaqjS061d9PArgO6Rx9ZUEg8IDWBlL4+QamibRdRFdk2DqTZVuHGd4InIw==",
      "requires": {
        "@chakra-ui/icon": "3.0.0",
        "@chakra-ui/utils": "2.0.0"
      }
    },
    "@chakra-ui/textarea": {
      "version": "2.0.0",
      "resolved": "https://registry.npmjs.org/@chakra-ui/textarea/-/textarea-2.0.0.tgz",
      "integrity": "sha512-3dIbuUdoaaCGrGev7OcnEqhuX4HvnP5wLHybzZdno/o9hPZaBUF9UFCNGJWSB3tDQPusCiFAmuGKKVC4GLpPfg==",
      "requires": {
        "@chakra-ui/form-control": "2.0.0",
        "@chakra-ui/utils": "2.0.0"
      }
    },
    "@chakra-ui/theme": {
      "version": "2.0.1",
      "resolved": "https://registry.npmjs.org/@chakra-ui/theme/-/theme-2.0.1.tgz",
      "integrity": "sha512-L6wt7+bfg9iWOEmpkMoT/dt1lmsgfDt3p1nxaGagF9CeCd7POej7GkfL9lbfXKey2y1RKBBBELKAdRROemOs8A==",
      "requires": {
        "@chakra-ui/anatomy": "2.0.0",
        "@chakra-ui/theme-tools": "2.0.0",
        "@chakra-ui/utils": "2.0.0"
      }
    },
    "@chakra-ui/theme-tools": {
      "version": "2.0.0",
      "resolved": "https://registry.npmjs.org/@chakra-ui/theme-tools/-/theme-tools-2.0.0.tgz",
      "integrity": "sha512-pTepRsph8JDtTVIB1GaSzzbp8BIN+Wiv6IxRnVyPPEWUrXoCsW88wDBOwj1sBnzX32+57c6esao2hqt7zP31Aw==",
      "requires": {
        "@chakra-ui/utils": "2.0.0",
        "@ctrl/tinycolor": "^3.4.0"
      }
    },
    "@chakra-ui/toast": {
      "version": "2.0.2",
      "resolved": "https://registry.npmjs.org/@chakra-ui/toast/-/toast-2.0.2.tgz",
      "integrity": "sha512-2yTU/xF8vX9wEG2x1w9FYfPKly9+p7w2ZnpmyGZG87zkKR0n+RRU4WyV1UtiXcj3lzqtj7OwemdWFN2zhYHlZw==",
      "requires": {
        "@chakra-ui/alert": "2.0.0",
        "@chakra-ui/close-button": "2.0.0",
        "@chakra-ui/hooks": "2.0.0",
        "@chakra-ui/portal": "2.0.0",
        "@chakra-ui/react-utils": "2.0.0",
        "@chakra-ui/system": "2.0.2",
        "@chakra-ui/theme": "2.0.1",
        "@chakra-ui/transition": "2.0.0",
        "@chakra-ui/utils": "2.0.0"
      }
    },
    "@chakra-ui/tooltip": {
      "version": "2.0.0",
      "resolved": "https://registry.npmjs.org/@chakra-ui/tooltip/-/tooltip-2.0.0.tgz",
      "integrity": "sha512-M2ySAh8VWopvX58WGvVQHSa7ST76gzM4x7HKwlmYPXL1DRDVf28JsTHLjIFNu9RlvA7klUgTK9Cn85csbJWlLw==",
      "requires": {
        "@chakra-ui/hooks": "2.0.0",
        "@chakra-ui/popper": "3.0.0",
        "@chakra-ui/portal": "2.0.0",
        "@chakra-ui/react-utils": "2.0.0",
        "@chakra-ui/utils": "2.0.0",
        "@chakra-ui/visually-hidden": "2.0.0"
      }
    },
    "@chakra-ui/transition": {
      "version": "2.0.0",
      "resolved": "https://registry.npmjs.org/@chakra-ui/transition/-/transition-2.0.0.tgz",
      "integrity": "sha512-6djAZ5C67Fuw/tXQbiriFdOM+742OcsN/q5K5kKkR3Cktm1Bz7Ek0eoMIt0+6fu2uMb5ZBIGV0DLlGvOHEUaCg==",
      "requires": {
        "@chakra-ui/utils": "2.0.0"
      }
    },
    "@chakra-ui/utils": {
      "version": "2.0.0",
      "resolved": "https://registry.npmjs.org/@chakra-ui/utils/-/utils-2.0.0.tgz",
      "integrity": "sha512-0ZZwnXiWJoDA6tOMBJuN9SOTNID4XBPvyW4FuyZjwkYu/6Hs3768YCu3z7Hn/YA9Rf63lMTipMlahdbvD2bOZg==",
      "requires": {
        "@types/lodash.mergewith": "4.6.6",
        "css-box-model": "1.2.1",
        "framesync": "5.3.0",
        "lodash.mergewith": "4.6.2"
      }
    },
    "@chakra-ui/visually-hidden": {
      "version": "2.0.0",
      "resolved": "https://registry.npmjs.org/@chakra-ui/visually-hidden/-/visually-hidden-2.0.0.tgz",
      "integrity": "sha512-o59l8OTM2e48i8e6+xW/D4Fx/2w/X34uizfXHi2r8c0WMOPVDKglX64mIf3dP89eNZ1MrtcT6VTXALKy7TzpkA==",
      "requires": {
        "@chakra-ui/utils": "2.0.0"
      }
    },
    "@ctrl/tinycolor": {
      "version": "3.6.1",
      "resolved": "https://registry.npmjs.org/@ctrl/tinycolor/-/tinycolor-3.6.1.tgz",
      "integrity": "sha512-SITSV6aIXsuVNV3f3O0f2n/cgyEDWoSqtZMYiAmcsYHydcKrOz3gUxB/iXd/Qf08+IZX4KpgNbvUdMBmWz+kcA=="
    },
    "@popperjs/core": {
      "version": "2.11.8",
      "resolved": "https://registry.npmjs.org/@popperjs/core/-/core-2.11.8.tgz",
      "integrity": "sha512-P1st0aksCrn9sGZhp8GMYwBnQsbvAWsZAX44oXNNvLHGqAOcoVxmjZiohstwQ7SqKnbR47akdNi+uleWD8+g6A=="
    },
    "@types/lodash": {
      "version": "4.14.197",
      "resolved": "https://registry.npmjs.org/@types/lodash/-/lodash-4.14.197.tgz",
      "integrity": "sha512-BMVOiWs0uNxHVlHBgzTIqJYmj+PgCo4euloGF+5m4okL3rEYzM2EEv78mw8zWSMM57dM7kVIgJ2QDvwHSoCI5g=="
    },
    "@types/lodash.mergewith": {
      "version": "4.6.6",
      "resolved": "https://registry.npmjs.org/@types/lodash.mergewith/-/lodash.mergewith-4.6.6.tgz",
      "integrity": "sha512-RY/8IaVENjG19rxTZu9Nukqh0W2UrYgmBj5sdns4hWRZaV8PqR7wIKHFKzvOTjo4zVRV7sVI+yFhAJql12Kfqg==",
      "requires": {
        "@types/lodash": "*"
      }
    },
    "aria-hidden": {
      "version": "1.2.3",
      "resolved": "https://registry.npmjs.org/aria-hidden/-/aria-hidden-1.2.3.tgz",
      "integrity": "sha512-xcLxITLe2HYa1cnYnwCjkOO1PqUHQpozB8x9AR0OgWN2woOBi5kSDVxKfd0b7sb1hw5qFeJhXm9H1nu3xSfLeQ==",
      "requires": {
        "tslib": "^2.0.0"
      }
    },
    "compute-scroll-into-view": {
      "version": "1.0.14",
      "resolved": "https://registry.npmjs.org/compute-scroll-into-view/-/compute-scroll-into-view-1.0.14.tgz",
      "integrity": "sha512-mKDjINe3tc6hGelUMNDzuhorIUZ7kS7BwyY0r2wQd2HOH2tRuJykiC06iSEX8y1TuhNzvz4GcJnK16mM2J1NMQ=="
    },
    "copy-to-clipboard": {
      "version": "3.3.1",
      "resolved": "https://registry.npmjs.org/copy-to-clipboard/-/copy-to-clipboard-3.3.1.tgz",
      "integrity": "sha512-i13qo6kIHTTpCm8/Wup+0b1mVWETvu2kIMzKoK8FpkLkFxlt0znUAHcMzox+T8sPlqtZXq3CulEjQHsYiGFJUw==",
      "requires": {
        "toggle-selection": "^1.0.6"
      }
    },
    "css-box-model": {
      "version": "1.2.1",
      "resolved": "https://registry.npmjs.org/css-box-model/-/css-box-model-1.2.1.tgz",
      "integrity": "sha512-a7Vr4Q/kd/aw96bnJG332W9V9LkJO69JRcaCYDUqjp6/z0w6VcZjgAcTbgFxEPfBgdnAwlh3iwu+hLopa+flJw==",
      "requires": {
        "tiny-invariant": "^1.0.6"
      }
    },
    "csstype": {
      "version": "3.1.2",
      "resolved": "https://registry.npmjs.org/csstype/-/csstype-3.1.2.tgz",
      "integrity": "sha512-I7K1Uu0MBPzaFKg4nI5Q7Vs2t+3gWWW648spaF+Rg7pI9ds18Ugn+lvg4SHczUdKlHI5LWBXyqfS8+DufyBsgQ=="
    },
    "detect-node-es": {
      "version": "1.1.0",
      "resolved": "https://registry.npmjs.org/detect-node-es/-/detect-node-es-1.1.0.tgz",
      "integrity": "sha512-ypdmJU/TbBby2Dxibuv7ZLW3Bs1QEmM7nHjEANfohJLvE0XVujisn1qPJcZxg+qDucsr+bP6fLD1rPS3AhJ7EQ=="
    },
    "focus-lock": {
      "version": "0.9.2",
      "resolved": "https://registry.npmjs.org/focus-lock/-/focus-lock-0.9.2.tgz",
      "integrity": "sha512-YtHxjX7a0IC0ZACL5wsX8QdncXofWpGPNoVMuI/nZUrPGp6LmNI6+D5j0pPj+v8Kw5EpweA+T5yImK0rnWf7oQ==",
      "requires": {
        "tslib": "^2.0.3"
      }
    },
    "framesync": {
      "version": "5.3.0",
      "resolved": "https://registry.npmjs.org/framesync/-/framesync-5.3.0.tgz",
      "integrity": "sha512-oc5m68HDO/tuK2blj7ZcdEBRx3p1PjrgHazL8GYEpvULhrtGIFbQArN6cQS2QhW8mitffaB+VYzMjDqBxxQeoA==",
      "requires": {
        "tslib": "^2.1.0"
      }
    },
    "get-nonce": {
      "version": "1.0.1",
      "resolved": "https://registry.npmjs.org/get-nonce/-/get-nonce-1.0.1.tgz",
      "integrity": "sha512-FJhYRoDaiatfEkUK8HKlicmu/3SGFD51q3itKDGoSTysQJBnfOcxU5GxnhE1E6soB76MbT0MBtnKJuXyAx+96Q=="
    },
    "invariant": {
      "version": "2.2.4",
      "resolved": "https://registry.npmjs.org/invariant/-/invariant-2.2.4.tgz",
      "integrity": "sha512-phJfQVBuaJM5raOpJjSfkiD6BpbCE4Ns//LaXl6wGYtUBY83nWS6Rf9tXm2e8VaK60JEjYldbPif/A2B1C2gNA==",
      "requires": {
        "loose-envify": "^1.0.0"
      }
    },
    "js-tokens": {
      "version": "4.0.0",
      "resolved": "https://registry.npmjs.org/js-tokens/-/js-tokens-4.0.0.tgz",
      "integrity": "sha512-RdJUflcE3cUzKiMqQgsCu06FPu9UdIJO0beYbPhHN4k6apgJtifcoCtT9bcxOpYBtpD2kCM6Sbzg4CausW/PKQ=="
    },
    "lodash.mergewith": {
      "version": "4.6.2",
      "resolved": "https://registry.npmjs.org/lodash.mergewith/-/lodash.mergewith-4.6.2.tgz",
      "integrity": "sha512-GK3g5RPZWTRSeLSpgP8Xhra+pnjBC56q9FZYe1d5RN3TJ35dbkGy3YqBSMbyCrlbi+CM9Z3Jk5yTL7RCsqboyQ=="
    },
    "loose-envify": {
      "version": "1.4.0",
      "resolved": "https://registry.npmjs.org/loose-envify/-/loose-envify-1.4.0.tgz",
      "integrity": "sha512-lyuxPGr/Wfhrlem2CL/UcnUc1zcqKAImBDzukY7Y5F/yQiNdko6+fRLevlw1HgMySw7f611UIY408EtxRSoK3Q==",
      "requires": {
        "js-tokens": "^3.0.0 || ^4.0.0"
      }
    },
    "object-assign": {
      "version": "4.1.1",
      "resolved": "https://registry.npmjs.org/object-assign/-/object-assign-4.1.1.tgz",
      "integrity": "sha512-rJgTQnkUnH1sFw8yT6VSU3zD3sWmu6sZhIseY8VX+GRu3P6F7Fu+JNDoXfklElbLJSnc3FUQHVe4cU5hj+BcUg=="
    },
    "prop-types": {
      "version": "15.8.1",
      "resolved": "https://registry.npmjs.org/prop-types/-/prop-types-15.8.1.tgz",
      "integrity": "sha512-oj87CgZICdulUohogVAR7AjlC0327U4el4L6eAvOqCeudMDVU0NThNaV+b9Df4dXgSP1gXMTnPdhfe/2qDH5cg==",
      "requires": {
        "loose-envify": "^1.4.0",
        "object-assign": "^4.1.1",
        "react-is": "^16.13.1"
      }
    },
    "react-clientside-effect": {
      "version": "1.2.6",
      "resolved": "https://registry.npmjs.org/react-clientside-effect/-/react-clientside-effect-1.2.6.tgz",
      "integrity": "sha512-XGGGRQAKY+q25Lz9a/4EPqom7WRjz3z9R2k4jhVKA/puQFH/5Nt27vFZYql4m4NVNdUvX8PS3O7r/Zzm7cjUlg==",
      "requires": {
        "@babel/runtime": "^7.12.13"
      }
    },
    "react-fast-compare": {
      "version": "3.2.0",
      "resolved": "https://registry.npmjs.org/react-fast-compare/-/react-fast-compare-3.2.0.tgz",
      "integrity": "sha512-rtGImPZ0YyLrscKI9xTpV8psd6I8VAtjKCzQDlzyDvqJA8XOW78TXYQwNRNd8g8JZnDu8q9Fu/1v4HPAVwVdHA=="
    },
    "react-focus-lock": {
      "version": "2.5.2",
      "resolved": "https://registry.npmjs.org/react-focus-lock/-/react-focus-lock-2.5.2.tgz",
      "integrity": "sha512-WzpdOnEqjf+/A3EH9opMZWauag7gV0BxFl+EY4ElA4qFqYsUsBLnmo2sELbN5OC30S16GAWMy16B9DLPpdJKAQ==",
      "requires": {
        "@babel/runtime": "^7.0.0",
        "focus-lock": "^0.9.1",
        "prop-types": "^15.6.2",
        "react-clientside-effect": "^1.2.5",
        "use-callback-ref": "^1.2.5",
        "use-sidecar": "^1.0.5"
      }
    },
    "react-is": {
      "version": "16.13.1",
      "resolved": "https://registry.npmjs.org/react-is/-/react-is-16.13.1.tgz",
      "integrity": "sha512-24e6ynE2H+OKt4kqsOvNd8kBpV65zoxbA4BVsEOB3ARVWQki/DHzaUoC5KuON/BiccDaCCTZBuOcfZs70kR8bQ=="
    },
    "react-remove-scroll": {
      "version": "2.5.6",
      "resolved": "https://registry.npmjs.org/react-remove-scroll/-/react-remove-scroll-2.5.6.tgz",
      "integrity": "sha512-bO856ad1uDYLefgArk559IzUNeQ6SWH4QnrevIUjH+GczV56giDfl3h0Idptf2oIKxQmd1p9BN25jleKodTALg==",
      "requires": {
        "react-remove-scroll-bar": "^2.3.4",
        "react-style-singleton": "^2.2.1",
        "tslib": "^2.1.0",
        "use-callback-ref": "^1.3.0",
        "use-sidecar": "^1.1.2"
      }
    },
    "react-remove-scroll-bar": {
      "version": "2.3.4",
      "resolved": "https://registry.npmjs.org/react-remove-scroll-bar/-/react-remove-scroll-bar-2.3.4.tgz",
      "integrity": "sha512-63C4YQBUt0m6ALadE9XV56hV8BgJWDmmTPY758iIJjfQKt2nYwoUrPk0LXRXcB/yIj82T1/Ixfdpdk68LwIB0A==",
      "requires": {
        "react-style-singleton": "^2.2.1",
        "tslib": "^2.0.0"
      }
    },
    "react-style-singleton": {
      "version": "2.2.1",
      "resolved": "https://registry.npmjs.org/react-style-singleton/-/react-style-singleton-2.2.1.tgz",
      "integrity": "sha512-ZWj0fHEMyWkHzKYUr2Bs/4zU6XLmq9HsgBURm7g5pAVfyn49DgUiNgY2d4lXRlYSiCif9YBGpQleewkcqddc7g==",
      "requires": {
        "get-nonce": "^1.0.0",
        "invariant": "^2.2.4",
        "tslib": "^2.0.0"
      }
    },
    "regenerator-runtime": {
      "version": "0.14.0",
      "resolved": "https://registry.npmjs.org/regenerator-runtime/-/regenerator-runtime-0.14.0.tgz",
      "integrity": "sha512-srw17NI0TUWHuGa5CFGGmhfNIeja30WMBfbslPNhf6JrqQlLN5gcrvig1oqPxiVaXb0oW0XRKtH6Nngs5lKCIA=="
    },
    "tiny-invariant": {
      "version": "1.3.1",
      "resolved": "https://registry.npmjs.org/tiny-invariant/-/tiny-invariant-1.3.1.tgz",
      "integrity": "sha512-AD5ih2NlSssTCwsMznbvwMZpJ1cbhkGd2uueNxzv2jDlEeZdU04JQfRnggJQ8DrcVBGjAsCKwFBbDlVNtEMlzw=="
    },
    "toggle-selection": {
      "version": "1.0.6",
      "resolved": "https://registry.npmjs.org/toggle-selection/-/toggle-selection-1.0.6.tgz",
      "integrity": "sha512-BiZS+C1OS8g/q2RRbJmy59xpyghNBqrr6k5L/uKBGRsTfxmu3ffiRnd8mlGPUVayg8pvfi5urfnu8TU7DVOkLQ=="
    },
    "tslib": {
      "version": "2.6.2",
      "resolved": "https://registry.npmjs.org/tslib/-/tslib-2.6.2.tgz",
      "integrity": "sha512-AEYxH93jGFPn/a2iVAwW87VuUIkR1FVUKB77NwMF7nBTDkDrrT/Hpt/IrCJ0QXhW27jTBDcf5ZY7w6RiqTMw2Q=="
    },
    "use-callback-ref": {
      "version": "1.3.0",
      "resolved": "https://registry.npmjs.org/use-callback-ref/-/use-callback-ref-1.3.0.tgz",
      "integrity": "sha512-3FT9PRuRdbB9HfXhEq35u4oZkvpJ5kuYbpqhCfmiZyReuRgpnhDlbr2ZEnnuS0RrJAPn6l23xjFg9kpDM+Ms7w==",
      "requires": {
        "tslib": "^2.0.0"
      }
    },
    "use-sidecar": {
      "version": "1.1.2",
      "resolved": "https://registry.npmjs.org/use-sidecar/-/use-sidecar-1.1.2.tgz",
      "integrity": "sha512-epTbsLuzZ7lPClpz2TyryBfztm7m+28DlEv2ZCQ3MDr5ssiwyOwGH/e5F9CkfWjJ1t4clvI58yF822/GUkjjhw==",
      "requires": {
        "detect-node-es": "^1.1.0",
        "tslib": "^2.0.0"
      }
    }
  }
}
